
Microsoft Visual Studio Solution File, Format Version 12.00
# Visual Studio Version 17
VisualStudioVersion = 17.10.34916.146
MinimumVisualStudioVersion = 10.0.40219.1
Project("{FAE04EC0-301F-11D3-BF4B-00C04F79EFBC}") = "Sensify", "Sensify\Sensify.csproj", "{57B6B600-E1BB-4C24-B913-9060DB9A9BBA}"
EndProject
Global
	GlobalSection(SolutionConfigurationPlatforms) = preSolution
		Debug|Any CPU = Debug|Any CPU
		Release|Any CPU = Release|Any CPU
	EndGlobalSection
	GlobalSection(ProjectConfigurationPlatforms) = postSolution
		{57B6B600-E1BB-4C24-B913-9060DB9A9BBA}.Debug|Any CPU.ActiveCfg = Debug|Any CPU
		{57B6B600-E1BB-4C24-B913-9060DB9A9BBA}.Debug|Any CPU.Build.0 = Debug|Any CPU
		{57B6B600-E1BB-4C24-B913-9060DB9A9BBA}.Release|Any CPU.ActiveCfg = Release|Any CPU
		{57B6B600-E1BB-4C24-B913-9060DB9A9BBA}.Release|Any CPU.Build.0 = Release|Any CPU
	EndGlobalSection
	GlobalSection(SolutionProperties) = preSolution
		HideSolutionNode = FALSE
	EndGlobalSection
	GlobalSection(ExtensibilityGlobals) = postSolution
		SolutionGuid = {5E31BEC0-FC5E-4B33-BF33-410B79B2D3A9}
	EndGlobalSection
EndGlobal
